
Microsoft Visual Studio Solution File, Format Version 12.00
# Visual Studio Version 16
VisualStudioVersion = 16.0.30517.126
MinimumVisualStudioVersion = 10.0.40219.1
Project("{FAE04EC0-301F-11D3-BF4B-00C04F79EFBC}") = "PrimeraConsolaApp", "PrimeraConsolaApp\PrimeraConsolaApp.csproj", "{88C88C70-5E16-4BF8-B181-D26A766BC1CF}"
EndProject
Global
	GlobalSection(SolutionConfigurationPlatforms) = preSolution
		Debug|Any CPU = Debug|Any CPU
		Release|Any CPU = Release|Any CPU
	EndGlobalSection
	GlobalSection(ProjectConfigurationPlatforms) = postSolution
		{88C88C70-5E16-4BF8-B181-D26A766BC1CF}.Debug|Any CPU.ActiveCfg = Debug|Any CPU
		{88C88C70-5E16-4BF8-B181-D26A766BC1CF}.Debug|Any CPU.Build.0 = Debug|Any CPU
		{88C88C70-5E16-4BF8-B181-D26A766BC1CF}.Release|Any CPU.ActiveCfg = Release|Any CPU
		{88C88C70-5E16-4BF8-B181-D26A766BC1CF}.Release|Any CPU.Build.0 = Release|Any CPU
	EndGlobalSection
	GlobalSection(SolutionProperties) = preSolution
		HideSolutionNode = FALSE
	EndGlobalSection
	GlobalSection(ExtensibilityGlobals) = postSolution
		SolutionGuid = {4A2854C8-C82A-4CD3-B40F-C8676A40B31C}
	EndGlobalSection
EndGlobal
